// !$*UTF8*$!
{
	archiveVersion = 1;
	classes = {
	};
	objectVersion = 56;
	objects = {

/* Begin PBXBuildFile section */
		04743B3029B3B46A00146C0E /* AppDelegate.swift in Sources */ = {isa = PBXBuildFile; fileRef = 04743B2F29B3B46A00146C0E /* AppDelegate.swift */; };
		04743B3229B3B46A00146C0E /* SceneDelegate.swift in Sources */ = {isa = PBXBuildFile; fileRef = 04743B3129B3B46A00146C0E /* SceneDelegate.swift */; };
		04743B3429B3B46A00146C0E /* ViewController.swift in Sources */ = {isa = PBXBuildFile; fileRef = 04743B3329B3B46A00146C0E /* ViewController.swift */; };
		04743B3729B3B46A00146C0E /* Main.storyboard in Resources */ = {isa = PBXBuildFile; fileRef = 04743B3529B3B46A00146C0E /* Main.storyboard */; };
		04743B3A29B3B46A00146C0E /* MasterCook1.xcdatamodeld in Sources */ = {isa = PBXBuildFile; fileRef = 04743B3829B3B46A00146C0E /* MasterCook1.xcdatamodeld */; };
		04743B3C29B3B46C00146C0E /* Assets.xcassets in Resources */ = {isa = PBXBuildFile; fileRef = 04743B3B29B3B46C00146C0E /* Assets.xcassets */; };
		04743B3F29B3B46C00146C0E /* LaunchScreen.storyboard in Resources */ = {isa = PBXBuildFile; fileRef = 04743B3D29B3B46C00146C0E /* LaunchScreen.storyboard */; };
		51E3FF2A29BA3352003311D5 /* RecipeDetali.swift in Sources */ = {isa = PBXBuildFile; fileRef = 51E3FF2929BA3352003311D5 /* RecipeDetali.swift */; };
		51E3FF2C29BA3364003311D5 /* RecipeData.swift in Sources */ = {isa = PBXBuildFile; fileRef = 51E3FF2B29BA3364003311D5 /* RecipeData.swift */; };
		E218C42B29B924CA00801433 /* RecipesTableViewCell.swift in Sources */ = {isa = PBXBuildFile; fileRef = E218C42A29B924CA00801433 /* RecipesTableViewCell.swift */; };
		E218C43429B93D9100801433 /* RecipeCollectionViewCell.swift in Sources */ = {isa = PBXBuildFile; fileRef = E218C43329B93D9100801433 /* RecipeCollectionViewCell.swift */; };
		E2E8A64129B3BDC700B1A77C /* MainTabBarController.swift in Sources */ = {isa = PBXBuildFile; fileRef = E2E8A64029B3BDC700B1A77C /* MainTabBarController.swift */; };
		E2E8A64329B3BDF700B1A77C /* CustomizedTabBar.swift in Sources */ = {isa = PBXBuildFile; fileRef = E2E8A64229B3BDF700B1A77C /* CustomizedTabBar.swift */; };
		E2E8A64529B3CD2900B1A77C /* HomeViewController.swift in Sources */ = {isa = PBXBuildFile; fileRef = E2E8A64429B3CD2900B1A77C /* HomeViewController.swift */; };
		E2E8A64729B47D8900B1A77C /* UIColor.swift in Sources */ = {isa = PBXBuildFile; fileRef = E2E8A64629B47D8900B1A77C /* UIColor.swift */; };
/* End PBXBuildFile section */

/* Begin PBXFileReference section */
		04743B2C29B3B46A00146C0E /* MasterCook1.app */ = {isa = PBXFileReference; explicitFileType = wrapper.application; includeInIndex = 0; path = MasterCook1.app; sourceTree = BUILT_PRODUCTS_DIR; };
		04743B2F29B3B46A00146C0E /* AppDelegate.swift */ = {isa = PBXFileReference; lastKnownFileType = sourcecode.swift; path = AppDelegate.swift; sourceTree = "<group>"; };
		04743B3129B3B46A00146C0E /* SceneDelegate.swift */ = {isa = PBXFileReference; lastKnownFileType = sourcecode.swift; path = SceneDelegate.swift; sourceTree = "<group>"; };
		04743B3329B3B46A00146C0E /* ViewController.swift */ = {isa = PBXFileReference; lastKnownFileType = sourcecode.swift; path = ViewController.swift; sourceTree = "<group>"; };
		04743B3629B3B46A00146C0E /* Base */ = {isa = PBXFileReference; lastKnownFileType = file.storyboard; name = Base; path = Base.lproj/Main.storyboard; sourceTree = "<group>"; };
		04743B3929B3B46A00146C0E /* MasterCook1.xcdatamodel */ = {isa = PBXFileReference; lastKnownFileType = wrapper.xcdatamodel; path = MasterCook1.xcdatamodel; sourceTree = "<group>"; };
		04743B3B29B3B46C00146C0E /* Assets.xcassets */ = {isa = PBXFileReference; lastKnownFileType = folder.assetcatalog; path = Assets.xcassets; sourceTree = "<group>"; };
		04743B3E29B3B46C00146C0E /* Base */ = {isa = PBXFileReference; lastKnownFileType = file.storyboard; name = Base; path = Base.lproj/LaunchScreen.storyboard; sourceTree = "<group>"; };
		04743B4029B3B46C00146C0E /* Info.plist */ = {isa = PBXFileReference; lastKnownFileType = text.plist.xml; path = Info.plist; sourceTree = "<group>"; };
		51E3FF2929BA3352003311D5 /* RecipeDetali.swift */ = {isa = PBXFileReference; lastKnownFileType = sourcecode.swift; path = RecipeDetali.swift; sourceTree = "<group>"; };
		51E3FF2B29BA3364003311D5 /* RecipeData.swift */ = {isa = PBXFileReference; lastKnownFileType = sourcecode.swift; path = RecipeData.swift; sourceTree = "<group>"; };
		E218C42A29B924CA00801433 /* RecipesTableViewCell.swift */ = {isa = PBXFileReference; lastKnownFileType = sourcecode.swift; path = RecipesTableViewCell.swift; sourceTree = "<group>"; };
		E218C43329B93D9100801433 /* RecipeCollectionViewCell.swift */ = {isa = PBXFileReference; lastKnownFileType = sourcecode.swift; path = RecipeCollectionViewCell.swift; sourceTree = "<group>"; };
		E2E8A64029B3BDC700B1A77C /* MainTabBarController.swift */ = {isa = PBXFileReference; lastKnownFileType = sourcecode.swift; path = MainTabBarController.swift; sourceTree = "<group>"; };
		E2E8A64229B3BDF700B1A77C /* CustomizedTabBar.swift */ = {isa = PBXFileReference; lastKnownFileType = sourcecode.swift; path = CustomizedTabBar.swift; sourceTree = "<group>"; };
		E2E8A64429B3CD2900B1A77C /* HomeViewController.swift */ = {isa = PBXFileReference; lastKnownFileType = sourcecode.swift; path = HomeViewController.swift; sourceTree = "<group>"; };
		E2E8A64629B47D8900B1A77C /* UIColor.swift */ = {isa = PBXFileReference; lastKnownFileType = sourcecode.swift; path = UIColor.swift; sourceTree = "<group>"; };
/* End PBXFileReference section */

/* Begin PBXFrameworksBuildPhase section */
		04743B2929B3B46A00146C0E /* Frameworks */ = {
			isa = PBXFrameworksBuildPhase;
			buildActionMask = 2147483647;
			files = (
			);
			runOnlyForDeploymentPostprocessing = 0;
		};
/* End PBXFrameworksBuildPhase section */

/* Begin PBXGroup section */
		04743B2329B3B46A00146C0E = {
			isa = PBXGroup;
			children = (
				04743B2E29B3B46A00146C0E /* MasterCook1 */,
				04743B2D29B3B46A00146C0E /* Products */,
			);
			sourceTree = "<group>";
		};
		04743B2D29B3B46A00146C0E /* Products */ = {
			isa = PBXGroup;
			children = (
				04743B2C29B3B46A00146C0E /* MasterCook1.app */,
			);
			name = Products;
			sourceTree = "<group>";
		};
		04743B2E29B3B46A00146C0E /* MasterCook1 */ = {
			isa = PBXGroup;
			children = (
				04743B4A29B3B4CC00146C0E /* TabBarController */,
				04743B4929B3B4B800146C0E /* Model */,
				04743B4829B3B4B200146C0E /* View */,
				04743B4729B3B4A400146C0E /* Controller */,
				04743B4B29B3B59400146C0E /* Services */,
				04743B4629B3B49A00146C0E /* Extension */,
				04743B2F29B3B46A00146C0E /* AppDelegate.swift */,
				04743B3129B3B46A00146C0E /* SceneDelegate.swift */,
				04743B3329B3B46A00146C0E /* ViewController.swift */,
				04743B3529B3B46A00146C0E /* Main.storyboard */,
				04743B3D29B3B46C00146C0E /* LaunchScreen.storyboard */,
				04743B4029B3B46C00146C0E /* Info.plist */,
				04743B3829B3B46A00146C0E /* MasterCook1.xcdatamodeld */,
			);
			path = MasterCook1;
			sourceTree = "<group>";
		};
		04743B4629B3B49A00146C0E /* Extension */ = {
			isa = PBXGroup;
			children = (
				E2E8A64629B47D8900B1A77C /* UIColor.swift */,
				04743B4C29B3B5A100146C0E /* SupFiles */,
			);
			path = Extension;
			sourceTree = "<group>";
		};
		04743B4729B3B4A400146C0E /* Controller */ = {
			isa = PBXGroup;
			children = (
				E2E8A64429B3CD2900B1A77C /* HomeViewController.swift */,
			);
			path = Controller;
			sourceTree = "<group>";
		};
		04743B4829B3B4B200146C0E /* View */ = {
			isa = PBXGroup;
			children = (
				E218C42C29B9282C00801433 /* Cell */,
			);
			path = View;
			sourceTree = "<group>";
		};
		04743B4929B3B4B800146C0E /* Model */ = {
			isa = PBXGroup;
			children = (
				51E3FF2929BA3352003311D5 /* RecipeDetali.swift */,
				51E3FF2B29BA3364003311D5 /* RecipeData.swift */,
			);
			path = Model;
			sourceTree = "<group>";
		};
		04743B4A29B3B4CC00146C0E /* TabBarController */ = {
			isa = PBXGroup;
			children = (
				E2E8A64029B3BDC700B1A77C /* MainTabBarController.swift */,
				E2E8A64229B3BDF700B1A77C /* CustomizedTabBar.swift */,
			);
			path = TabBarController;
			sourceTree = "<group>";
		};
		04743B4B29B3B59400146C0E /* Services */ = {
			isa = PBXGroup;
			children = (
			);
			path = Services;
			sourceTree = "<group>";
		};
		04743B4C29B3B5A100146C0E /* SupFiles */ = {
			isa = PBXGroup;
			children = (
				04743B3B29B3B46C00146C0E /* Assets.xcassets */,
			);
			path = SupFiles;
			sourceTree = "<group>";
		};
		E218C42C29B9282C00801433 /* Cell */ = {
			isa = PBXGroup;
			children = (
				E218C42A29B924CA00801433 /* RecipesTableViewCell.swift */,
				E218C43329B93D9100801433 /* RecipeCollectionViewCell.swift */,
			);
			path = Cell;
			sourceTree = "<group>";
		};
/* End PBXGroup section */

/* Begin PBXNativeTarget section */
		04743B2B29B3B46A00146C0E /* MasterCook1 */ = {
			isa = PBXNativeTarget;
			buildConfigurationList = 04743B4329B3B46C00146C0E /* Build configuration list for PBXNativeTarget "MasterCook1" */;
			buildPhases = (
				04743B2829B3B46A00146C0E /* Sources */,
				04743B2929B3B46A00146C0E /* Frameworks */,
				04743B2A29B3B46A00146C0E /* Resources */,
			);
			buildRules = (
			);
			dependencies = (
			);
			name = MasterCook1;
			productName = MasterCook1;
			productReference = 04743B2C29B3B46A00146C0E /* MasterCook1.app */;
			productType = "com.apple.product-type.application";
		};
/* End PBXNativeTarget section */

/* Begin PBXProject section */
		04743B2429B3B46A00146C0E /* Project object */ = {
			isa = PBXProject;
			attributes = {
				BuildIndependentTargetsInParallel = 1;
				LastSwiftUpdateCheck = 1420;
				LastUpgradeCheck = 1420;
				TargetAttributes = {
					04743B2B29B3B46A00146C0E = {
						CreatedOnToolsVersion = 14.2;
					};
				};
			};
			buildConfigurationList = 04743B2729B3B46A00146C0E /* Build configuration list for PBXProject "MasterCook1" */;
			compatibilityVersion = "Xcode 14.0";
			developmentRegion = en;
			hasScannedForEncodings = 0;
			knownRegions = (
				en,
				Base,
			);
			mainGroup = 04743B2329B3B46A00146C0E;
			productRefGroup = 04743B2D29B3B46A00146C0E /* Products */;
			projectDirPath = "";
			projectRoot = "";
			targets = (
				04743B2B29B3B46A00146C0E /* MasterCook1 */,
			);
		};
/* End PBXProject section */

/* Begin PBXResourcesBuildPhase section */
		04743B2A29B3B46A00146C0E /* Resources */ = {
			isa = PBXResourcesBuildPhase;
			buildActionMask = 2147483647;
			files = (
				04743B3F29B3B46C00146C0E /* LaunchScreen.storyboard in Resources */,
				04743B3C29B3B46C00146C0E /* Assets.xcassets in Resources */,
				04743B3729B3B46A00146C0E /* Main.storyboard in Resources */,
			);
			runOnlyForDeploymentPostprocessing = 0;
		};
/* End PBXResourcesBuildPhase section */

/* Begin PBXSourcesBuildPhase section */
		04743B2829B3B46A00146C0E /* Sources */ = {
			isa = PBXSourcesBuildPhase;
			buildActionMask = 2147483647;
			files = (
				E2E8A64329B3BDF700B1A77C /* CustomizedTabBar.swift in Sources */,
				04743B3429B3B46A00146C0E /* ViewController.swift in Sources */,
				E218C42B29B924CA00801433 /* RecipesTableViewCell.swift in Sources */,
				04743B3A29B3B46A00146C0E /* MasterCook1.xcdatamodeld in Sources */,
				E2E8A64129B3BDC700B1A77C /* MainTabBarController.swift in Sources */,
				04743B3029B3B46A00146C0E /* AppDelegate.swift in Sources */,
				E2E8A64729B47D8900B1A77C /* UIColor.swift in Sources */,
				E2E8A64529B3CD2900B1A77C /* HomeViewController.swift in Sources */,
				E218C43429B93D9100801433 /* RecipeCollectionViewCell.swift in Sources */,
				51E3FF2C29BA3364003311D5 /* RecipeData.swift in Sources */,
				04743B3229B3B46A00146C0E /* SceneDelegate.swift in Sources */,
				51E3FF2A29BA3352003311D5 /* RecipeDetali.swift in Sources */,
			);
			runOnlyForDeploymentPostprocessing = 0;
		};
/* End PBXSourcesBuildPhase section */

/* Begin PBXVariantGroup section */
		04743B3529B3B46A00146C0E /* Main.storyboard */ = {
			isa = PBXVariantGroup;
			children = (
				04743B3629B3B46A00146C0E /* Base */,
			);
			name = Main.storyboard;
			sourceTree = "<group>";
		};
		04743B3D29B3B46C00146C0E /* LaunchScreen.storyboard */ = {
			isa = PBXVariantGroup;
			children = (
				04743B3E29B3B46C00146C0E /* Base */,
			);
			name = LaunchScreen.storyboard;
			sourceTree = "<group>";
		};
/* End PBXVariantGroup section */

/* Begin XCBuildConfiguration section */
		04743B4129B3B46C00146C0E /* Debug */ = {
			isa = XCBuildConfiguration;
			buildSettings = {
				ALWAYS_SEARCH_USER_PATHS = NO;
				CLANG_ANALYZER_NONNULL = YES;
				CLANG_ANALYZER_NUMBER_OBJECT_CONVERSION = YES_AGGRESSIVE;
				CLANG_CXX_LANGUAGE_STANDARD = "gnu++20";
				CLANG_ENABLE_MODULES = YES;
				CLANG_ENABLE_OBJC_ARC = YES;
				CLANG_ENABLE_OBJC_WEAK = YES;
				CLANG_WARN_BLOCK_CAPTURE_AUTORELEASING = YES;
				CLANG_WARN_BOOL_CONVERSION = YES;
				CLANG_WARN_COMMA = YES;
				CLANG_WARN_CONSTANT_CONVERSION = YES;
				CLANG_WARN_DEPRECATED_OBJC_IMPLEMENTATIONS = YES;
				CLANG_WARN_DIRECT_OBJC_ISA_USAGE = YES_ERROR;
				CLANG_WARN_DOCUMENTATION_COMMENTS = YES;
				CLANG_WARN_EMPTY_BODY = YES;
				CLANG_WARN_ENUM_CONVERSION = YES;
				CLANG_WARN_INFINITE_RECURSION = YES;
				CLANG_WARN_INT_CONVERSION = YES;
				CLANG_WARN_NON_LITERAL_NULL_CONVERSION = YES;
				CLANG_WARN_OBJC_IMPLICIT_RETAIN_SELF = YES;
				CLANG_WARN_OBJC_LITERAL_CONVERSION = YES;
				CLANG_WARN_OBJC_ROOT_CLASS = YES_ERROR;
				CLANG_WARN_QUOTED_INCLUDE_IN_FRAMEWORK_HEADER = YES;
				CLANG_WARN_RANGE_LOOP_ANALYSIS = YES;
				CLANG_WARN_STRICT_PROTOTYPES = YES;
				CLANG_WARN_SUSPICIOUS_MOVE = YES;
				CLANG_WARN_UNGUARDED_AVAILABILITY = YES_AGGRESSIVE;
				CLANG_WARN_UNREACHABLE_CODE = YES;
				CLANG_WARN__DUPLICATE_METHOD_MATCH = YES;
				COPY_PHASE_STRIP = NO;
				DEBUG_INFORMATION_FORMAT = dwarf;
				ENABLE_STRICT_OBJC_MSGSEND = YES;
				ENABLE_TESTABILITY = YES;
				GCC_C_LANGUAGE_STANDARD = gnu11;
				GCC_DYNAMIC_NO_PIC = NO;
				GCC_NO_COMMON_BLOCKS = YES;
				GCC_OPTIMIZATION_LEVEL = 0;
				GCC_PREPROCESSOR_DEFINITIONS = (
					"DEBUG=1",
					"$(inherited)",
				);
				GCC_WARN_64_TO_32_BIT_CONVERSION = YES;
				GCC_WARN_ABOUT_RETURN_TYPE = YES_ERROR;
				GCC_WARN_UNDECLARED_SELECTOR = YES;
				GCC_WARN_UNINITIALIZED_AUTOS = YES_AGGRESSIVE;
				GCC_WARN_UNUSED_FUNCTION = YES;
				GCC_WARN_UNUSED_VARIABLE = YES;
				IPHONEOS_DEPLOYMENT_TARGET = 16.2;
				MTL_ENABLE_DEBUG_INFO = INCLUDE_SOURCE;
				MTL_FAST_MATH = YES;
				ONLY_ACTIVE_ARCH = YES;
				SDKROOT = iphoneos;
				SWIFT_ACTIVE_COMPILATION_CONDITIONS = DEBUG;
				SWIFT_OPTIMIZATION_LEVEL = "-Onone";
			};
			name = Debug;
		};
		04743B4229B3B46C00146C0E /* Release */ = {
			isa = XCBuildConfiguration;
			buildSettings = {
				ALWAYS_SEARCH_USER_PATHS = NO;
				CLANG_ANALYZER_NONNULL = YES;
				CLANG_ANALYZER_NUMBER_OBJECT_CONVERSION = YES_AGGRESSIVE;
				CLANG_CXX_LANGUAGE_STANDARD = "gnu++20";
				CLANG_ENABLE_MODULES = YES;
				CLANG_ENABLE_OBJC_ARC = YES;
				CLANG_ENABLE_OBJC_WEAK = YES;
				CLANG_WARN_BLOCK_CAPTURE_AUTORELEASING = YES;
				CLANG_WARN_BOOL_CONVERSION = YES;
				CLANG_WARN_COMMA = YES;
				CLANG_WARN_CONSTANT_CONVERSION = YES;
				CLANG_WARN_DEPRECATED_OBJC_IMPLEMENTATIONS = YES;
				CLANG_WARN_DIRECT_OBJC_ISA_USAGE = YES_ERROR;
				CLANG_WARN_DOCUMENTATION_COMMENTS = YES;
				CLANG_WARN_EMPTY_BODY = YES;
				CLANG_WARN_ENUM_CONVERSION = YES;
				CLANG_WARN_INFINITE_RECURSION = YES;
				CLANG_WARN_INT_CONVERSION = YES;
				CLANG_WARN_NON_LITERAL_NULL_CONVERSION = YES;
				CLANG_WARN_OBJC_IMPLICIT_RETAIN_SELF = YES;
				CLANG_WARN_OBJC_LITERAL_CONVERSION = YES;
				CLANG_WARN_OBJC_ROOT_CLASS = YES_ERROR;
				CLANG_WARN_QUOTED_INCLUDE_IN_FRAMEWORK_HEADER = YES;
				CLANG_WARN_RANGE_LOOP_ANALYSIS = YES;
				CLANG_WARN_STRICT_PROTOTYPES = YES;
				CLANG_WARN_SUSPICIOUS_MOVE = YES;
				CLANG_WARN_UNGUARDED_AVAILABILITY = YES_AGGRESSIVE;
				CLANG_WARN_UNREACHABLE_CODE = YES;
				CLANG_WARN__DUPLICATE_METHOD_MATCH = YES;
				COPY_PHASE_STRIP = NO;
				DEBUG_INFORMATION_FORMAT = "dwarf-with-dsym";
				ENABLE_NS_ASSERTIONS = NO;
				ENABLE_STRICT_OBJC_MSGSEND = YES;
				GCC_C_LANGUAGE_STANDARD = gnu11;
				GCC_NO_COMMON_BLOCKS = YES;
				GCC_WARN_64_TO_32_BIT_CONVERSION = YES;
				GCC_WARN_ABOUT_RETURN_TYPE = YES_ERROR;
				GCC_WARN_UNDECLARED_SELECTOR = YES;
				GCC_WARN_UNINITIALIZED_AUTOS = YES_AGGRESSIVE;
				GCC_WARN_UNUSED_FUNCTION = YES;
				GCC_WARN_UNUSED_VARIABLE = YES;
				IPHONEOS_DEPLOYMENT_TARGET = 16.2;
				MTL_ENABLE_DEBUG_INFO = NO;
				MTL_FAST_MATH = YES;
				SDKROOT = iphoneos;
				SWIFT_COMPILATION_MODE = wholemodule;
				SWIFT_OPTIMIZATION_LEVEL = "-O";
				VALIDATE_PRODUCT = YES;
			};
			name = Release;
		};
		04743B4429B3B46C00146C0E /* Debug */ = {
			isa = XCBuildConfiguration;
			buildSettings = {
				ASSETCATALOG_COMPILER_APPICON_NAME = AppIcon;
				ASSETCATALOG_COMPILER_GLOBAL_ACCENT_COLOR_NAME = AccentColor;
				CODE_SIGN_STYLE = Automatic;
				CURRENT_PROJECT_VERSION = 1;
				DEVELOPMENT_TEAM = T2KFAV5TH2;
				GENERATE_INFOPLIST_FILE = YES;
				INFOPLIST_FILE = MasterCook1/Info.plist;
				INFOPLIST_KEY_UIApplicationSupportsIndirectInputEvents = YES;
				INFOPLIST_KEY_UILaunchStoryboardName = LaunchScreen;
				INFOPLIST_KEY_UIMainStoryboardFile = Main;
				INFOPLIST_KEY_UISupportedInterfaceOrientations_iPad = "UIInterfaceOrientationPortrait UIInterfaceOrientationPortraitUpsideDown UIInterfaceOrientationLandscapeLeft UIInterfaceOrientationLandscapeRight";
				INFOPLIST_KEY_UISupportedInterfaceOrientations_iPhone = "UIInterfaceOrientationPortrait UIInterfaceOrientationLandscapeLeft UIInterfaceOrientationLandscapeRight";
				IPHONEOS_DEPLOYMENT_TARGET = 14.0;
				LD_RUNPATH_SEARCH_PATHS = (
					"$(inherited)",
					"@executable_path/Frameworks",
				);
				MARKETING_VERSION = 1.0;
				PRODUCT_BUNDLE_IDENTIFIER = com.AlexKox24.MasterCook1;
				PRODUCT_NAME = "$(TARGET_NAME)";
				SWIFT_EMIT_LOC_STRINGS = YES;
				SWIFT_VERSION = 5.0;
				TARGETED_DEVICE_FAMILY = "1,2";
			};
			name = Debug;
		};
		04743B4529B3B46C00146C0E /* Release */ = {
			isa = XCBuildConfiguration;
			buildSettings = {
				ASSETCATALOG_COMPILER_APPICON_NAME = AppIcon;
				ASSETCATALOG_COMPILER_GLOBAL_ACCENT_COLOR_NAME = AccentColor;
				CODE_SIGN_STYLE = Automatic;
				CURRENT_PROJECT_VERSION = 1;
				DEVELOPMENT_TEAM = T2KFAV5TH2;
				GENERATE_INFOPLIST_FILE = YES;
				INFOPLIST_FILE = MasterCook1/Info.plist;
				INFOPLIST_KEY_UIApplicationSupportsIndirectInputEvents = YES;
				INFOPLIST_KEY_UILaunchStoryboardName = LaunchScreen;
				INFOPLIST_KEY_UIMainStoryboardFile = Main;
				INFOPLIST_KEY_UISupportedInterfaceOrientations_iPad = "UIInterfaceOrientationPortrait UIInterfaceOrientationPortraitUpsideDown UIInterfaceOrientationLandscapeLeft UIInterfaceOrientationLandscapeRight";
				INFOPLIST_KEY_UISupportedInterfaceOrientations_iPhone = "UIInterfaceOrientationPortrait UIInterfaceOrientationLandscapeLeft UIInterfaceOrientationLandscapeRight";
				IPHONEOS_DEPLOYMENT_TARGET = 14.0;
				LD_RUNPATH_SEARCH_PATHS = (
					"$(inherited)",
					"@executable_path/Frameworks",
				);
				MARKETING_VERSION = 1.0;
				PRODUCT_BUNDLE_IDENTIFIER = com.AlexKox24.MasterCook1;
				PRODUCT_NAME = "$(TARGET_NAME)";
				SWIFT_EMIT_LOC_STRINGS = YES;
				SWIFT_VERSION = 5.0;
				TARGETED_DEVICE_FAMILY = "1,2";
			};
			name = Release;
		};
/* End XCBuildConfiguration section */

/* Begin XCConfigurationList section */
		04743B2729B3B46A00146C0E /* Build configuration list for PBXProject "MasterCook1" */ = {
			isa = XCConfigurationList;
			buildConfigurations = (
				04743B4129B3B46C00146C0E /* Debug */,
				04743B4229B3B46C00146C0E /* Release */,
			);
			defaultConfigurationIsVisible = 0;
			defaultConfigurationName = Release;
		};
		04743B4329B3B46C00146C0E /* Build configuration list for PBXNativeTarget "MasterCook1" */ = {
			isa = XCConfigurationList;
			buildConfigurations = (
				04743B4429B3B46C00146C0E /* Debug */,
				04743B4529B3B46C00146C0E /* Release */,
			);
			defaultConfigurationIsVisible = 0;
			defaultConfigurationName = Release;
		};
/* End XCConfigurationList section */

/* Begin XCVersionGroup section */
		04743B3829B3B46A00146C0E /* MasterCook1.xcdatamodeld */ = {
			isa = XCVersionGroup;
			children = (
				04743B3929B3B46A00146C0E /* MasterCook1.xcdatamodel */,
			);
			currentVersion = 04743B3929B3B46A00146C0E /* MasterCook1.xcdatamodel */;
			path = MasterCook1.xcdatamodeld;
			sourceTree = "<group>";
			versionGroupType = wrapper.xcdatamodel;
		};
/* End XCVersionGroup section */
	};
	rootObject = 04743B2429B3B46A00146C0E /* Project object */;
}
